
Microsoft Visual Studio Solution File, Format Version 12.00
# Visual Studio Version 17
VisualStudioVersion = 17.2.32616.157
MinimumVisualStudioVersion = 10.0.40219.1
Project("{8BC9CEB8-8B4A-11D0-8D11-00A0C91BC942}") = "Grafika", "Grafika\Grafika.vcxproj", "{0154C945-7BDB-466A-AFEA-240227624411}"
EndProject
Global
	GlobalSection(SolutionConfigurationPlatforms) = preSolution
		Debug|x64 = Debug|x64
		Release|x64 = Release|x64
	EndGlobalSection
	GlobalSection(ProjectConfigurationPlatforms) = postSolution
		{0154C945-7BDB-466A-AFEA-240227624411}.Debug|x64.ActiveCfg = Debug|x64
		{0154C945-7BDB-466A-AFEA-240227624411}.Debug|x64.Build.0 = Debug|x64
		{0154C945-7BDB-466A-AFEA-240227624411}.Release|x64.ActiveCfg = Release|x64
		{0154C945-7BDB-466A-AFEA-240227624411}.Release|x64.Build.0 = Release|x64
	EndGlobalSection
	GlobalSection(SolutionProperties) = preSolution
		HideSolutionNode = FALSE
	EndGlobalSection
	GlobalSection(ExtensibilityGlobals) = postSolution
		SolutionGuid = {BD965ED8-AB1E-41DF-8E45-3D4C375020B4}
	EndGlobalSection
EndGlobal
